PODS:
  - Alamofire (4.3.0)
  - PKHUD (4.2.0)

DEPENDENCIES:
  - Alamofire (~> 4.0)
  - PKHUD (~> 4.0)

SPEC CHECKSUMS:
  Alamofire: 856a113053a7bc9cbe5d6367a555d773fc5cfef7
  PKHUD: 48af884cf00c2213b0313b739d914e6cab1c0f5e

PODFILE CHECKSUM: 5be6a59e05608b9c480f2c6bf1706d78bcfbaa4c

COCOAPODS: 1.2.0
