PODS:
  - Alamofire (4.3.0)
  - PKHUD (5.0.0)

DEPENDENCIES:
  - Alamofire (~> 4.0)
  - PKHUD (~> 5.0)

SPEC CHECKSUMS:
  Alamofire: 856a113053a7bc9cbe5d6367a555d773fc5cfef7
  PKHUD: 3c001512c6e002091184197a8de7a20420786e3b

PODFILE CHECKSUM: a7a62049709a2b0bf2ad6fcd91a42e9e4a04a647

COCOAPODS: 1.4.0
