PODS:
  - Alamofire (4.9.1)
  - Differentiator (4.0.1)
  - PKHUD (5.3.0)
  - RxCocoa (5.1.1):
    - RxRelay (~> 5)
    - RxSwift (~> 5)
  - RxDataSources (4.0.1):
    - Differentiator (~> 4.0)
    - RxCocoa (~> 5.0)
    - RxSwift (~> 5.0)
  - RxRelay (5.1.1):
    - RxSwift (~> 5)
  - RxSwift (5.1.1)
  - RxSwiftExt (5.2.0):
    - RxSwiftExt/Core (= 5.2.0)
    - RxSwiftExt/RxCocoa (= 5.2.0)
  - RxSwiftExt/Core (5.2.0):
    - RxSwift (~> 5.0)
  - RxSwiftExt/RxCocoa (5.2.0):
    - RxCocoa (~> 5.0)
    - RxSwiftExt/Core

DEPENDENCIES:
  - Alamofire
  - PKHUD
  - RxDataSources
  - RxSwift
  - RxSwiftExt

SPEC REPOS:
  trunk:
    - Alamofire
    - Differentiator
    - PKHUD
    - RxCocoa
    - RxDataSources
    - RxRelay
    - RxSwift
    - RxSwiftExt

SPEC CHECKSUMS:
  Alamofire: 85e8a02c69d6020a0d734f6054870d7ecb75cf18
  Differentiator: 886080237d9f87f322641dedbc5be257061b0602
  PKHUD: 98f3e4bc904b9c916f1c5bb6d765365b5357291b
  RxCocoa: 32065309a38d29b5b0db858819b5bf9ef038b601
  RxDataSources: efee07fa4de48477eca0a4611e6d11e2da9c1114
  RxRelay: d77f7d771495f43c556cbc43eebd1bb54d01e8e9
  RxSwift: 81470a2074fa8780320ea5fe4102807cb7118178
  RxSwiftExt: 4ca80336f43c28f11a2825cdd2fc61dd6c044697

PODFILE CHECKSUM: 3304b9fac7c0de18581e866c05ebd7dabe99e435

COCOAPODS: 1.9.3
